PODS:
  - Alamofire (5.9.1)
  - CoreXLSX (0.14.1):
    - XMLCoder (~> 0.11.1)
    - ZIPFoundation (~> 0.9.11)
  - ExpandingDatePicker (1.0.2)
  - Kanna (5.2.7)
  - KeychainAccess (4.2.2)
  - SnapKit (5.0.1)
  - Sparkle (2.6.4)
  - SWXMLHash (5.0.1)
  - XMLCoder (0.11.1)
  - ZIPFoundation (0.9.13)

DEPENDENCIES:
  - Alamofire (~> 5.9.1)
  - CoreXLSX (~> 0.14)
  - ExpandingDatePicker (~> 1.0)
  - Kanna (~> 5.2)
  - KeychainAccess (~> 4.2)
  - SnapKit (~> 5.0)
  - Sparkle (~> 2.6.3)
  - SWXMLHash (~> 5.0)

SPEC REPOS:
  trunk:
    - Alamofire
    - CoreXLSX
    - ExpandingDatePicker
    - Kanna
    - KeychainAccess
    - SnapKit
    - Sparkle
    - SWXMLHash
    - XMLCoder
    - ZIPFoundation

SPEC CHECKSUMS:
  Alamofire: f36a35757af4587d8e4f4bfa223ad10be2422b8c
  CoreXLSX: f9a7a70b509150ceb675b05877b7ac041a587030
  ExpandingDatePicker: 87635f25b5b6613814db39621e704815a11cf5c1
  Kanna: 01cfbddc127f5ff0963692f285fcbc8a9d62d234
  KeychainAccess: c0c4f7f38f6fc7bbe58f5702e25f7bd2f65abf51
  SnapKit: 97b92857e3df3a0c71833cce143274bf6ef8e5eb
  Sparkle: 5f8960a7a119aa7d45dacc0d5837017170bc5675
  SWXMLHash: 9cc0c2e4807926c74377724aa8722ee5707a0485
  XMLCoder: c4638336674de7ba279cd23f2005817d69f538e0
  ZIPFoundation: ae5b4b813d216d3bf0a148773267fff14bd51d37

PODFILE CHECKSUM: 45121375cceeff895db3e4fc13259f669c881a4a

COCOAPODS: 1.15.2
